// !$*UTF8*$!
{
	archiveVersion = 1;
	classes = {
	};
	objectVersion = 46;
	objects = {

/* Begin PBXBuildFile section */
		6A61B6A22195554F00A94556 /* AppDelegate.swift in Sources */ = {isa = PBXBuildFile; fileRef = 6A61B6A12195554F00A94556 /* AppDelegate.swift */; };
		6A61B6A72195555000A94556 /* Main.storyboard in Resources */ = {isa = PBXBuildFile; fileRef = 6A61B6A52195555000A94556 /* Main.storyboard */; };
		6A61B6A92195555000A94556 /* Assets.xcassets in Resources */ = {isa = PBXBuildFile; fileRef = 6A61B6A82195555000A94556 /* Assets.xcassets */; };
		6A61B6AC2195555000A94556 /* LaunchScreen.storyboard in Resources */ = {isa = PBXBuildFile; fileRef = 6A61B6AA2195555000A94556 /* LaunchScreen.storyboard */; };
		6A61B6B4219555E600A94556 /* ListViewController.swift in Sources */ = {isa = PBXBuildFile; fileRef = 6A61B6B3219555E600A94556 /* ListViewController.swift */; };
		6A61B6B621956B0700A94556 /* Item.swift in Sources */ = {isa = PBXBuildFile; fileRef = 6A61B6B521956B0700A94556 /* Item.swift */; };
		6A61B6B8219572A600A94556 /* DetailViewController.swift in Sources */ = {isa = PBXBuildFile; fileRef = 6A61B6B7219572A600A94556 /* DetailViewController.swift */; };
/* End PBXBuildFile section */

/* Begin PBXFileReference section */
		6A61B69E2195554F00A94556 /* NewsReader.app */ = {isa = PBXFileReference; explicitFileType = wrapper.application; includeInIndex = 0; path = NewsReader.app; sourceTree = BUILT_PRODUCTS_DIR; };
		6A61B6A12195554F00A94556 /* AppDelegate.swift */ = {isa = PBXFileReference; lastKnownFileType = sourcecode.swift; path = AppDelegate.swift; sourceTree = "<group>"; };
		6A61B6A62195555000A94556 /* Base */ = {isa = PBXFileReference; lastKnownFileType = file.storyboard; name = Base; path = Base.lproj/Main.storyboard; sourceTree = "<group>"; };
		6A61B6A82195555000A94556 /* Assets.xcassets */ = {isa = PBXFileReference; lastKnownFileType = folder.assetcatalog; path = Assets.xcassets; sourceTree = "<group>"; };
		6A61B6AB2195555000A94556 /* Base */ = {isa = PBXFileReference; lastKnownFileType = file.storyboard; name = Base; path = Base.lproj/LaunchScreen.storyboard; sourceTree = "<group>"; };
		6A61B6AD2195555000A94556 /* Info.plist */ = {isa = PBXFileReference; lastKnownFileType = text.plist.xml; path = Info.plist; sourceTree = "<group>"; };
		6A61B6B3219555E600A94556 /* ListViewController.swift */ = {isa = PBXFileReference; fileEncoding = 4; lastKnownFileType = sourcecode.swift; path = ListViewController.swift; sourceTree = "<group>"; };
		6A61B6B521956B0700A94556 /* Item.swift */ = {isa = PBXFileReference; fileEncoding = 4; lastKnownFileType = sourcecode.swift; path = Item.swift; sourceTree = "<group>"; };
		6A61B6B7219572A600A94556 /* DetailViewController.swift */ = {isa = PBXFileReference; fileEncoding = 4; lastKnownFileType = sourcecode.swift; path = DetailViewController.swift; sourceTree = "<group>"; };
/* End PBXFileReference section */

/* Begin PBXFrameworksBuildPhase section */
		6A61B69B2195554F00A94556 /* Frameworks */ = {
			isa = PBXFrameworksBuildPhase;
			buildActionMask = 2147483647;
			files = (
			);
			runOnlyForDeploymentPostprocessing = 0;
		};
/* End PBXFrameworksBuildPhase section */

/* Begin PBXGroup section */
		6A61B6952195554F00A94556 = {
			isa = PBXGroup;
			children = (
				6A61B6A02195554F00A94556 /* NewsReader */,
				6A61B69F2195554F00A94556 /* Products */,
			);
			sourceTree = "<group>";
		};
		6A61B69F2195554F00A94556 /* Products */ = {
			isa = PBXGroup;
			children = (
				6A61B69E2195554F00A94556 /* NewsReader.app */,
			);
			name = Products;
			sourceTree = "<group>";
		};
		6A61B6A02195554F00A94556 /* NewsReader */ = {
			isa = PBXGroup;
			children = (
				6A61B6A12195554F00A94556 /* AppDelegate.swift */,
				6A61B6A52195555000A94556 /* Main.storyboard */,
				6A61B6B521956B0700A94556 /* Item.swift */,
				6A61B6B3219555E600A94556 /* ListViewController.swift */,
				6A61B6B7219572A600A94556 /* DetailViewController.swift */,
				6A61B6A82195555000A94556 /* Assets.xcassets */,
				6A61B6AA2195555000A94556 /* LaunchScreen.storyboard */,
				6A61B6AD2195555000A94556 /* Info.plist */,
			);
			path = NewsReader;
			sourceTree = "<group>";
		};
/* End PBXGroup section */

/* Begin PBXNativeTarget section */
		6A61B69D2195554F00A94556 /* NewsReader */ = {
			isa = PBXNativeTarget;
			buildConfigurationList = 6A61B6B02195555000A94556 /* Build configuration list for PBXNativeTarget "NewsReader" */;
			buildPhases = (
				6A61B69A2195554F00A94556 /* Sources */,
				6A61B69B2195554F00A94556 /* Frameworks */,
				6A61B69C2195554F00A94556 /* Resources */,
			);
			buildRules = (
			);
			dependencies = (
			);
			name = NewsReader;
			productName = NewsReader;
			productReference = 6A61B69E2195554F00A94556 /* NewsReader.app */;
			productType = "com.apple.product-type.application";
		};
/* End PBXNativeTarget section */

/* Begin PBXProject section */
		6A61B6962195554F00A94556 /* Project object */ = {
			isa = PBXProject;
			attributes = {
				LastSwiftUpdateCheck = 0820;
				LastUpgradeCheck = 0820;
				ORGANIZATIONNAME = "Yuri ichihara";
				TargetAttributes = {
					6A61B69D2195554F00A94556 = {
						CreatedOnToolsVersion = 8.2.1;
						DevelopmentTeam = 39G96FFRB5;
						ProvisioningStyle = Automatic;
					};
				};
			};
			buildConfigurationList = 6A61B6992195554F00A94556 /* Build configuration list for PBXProject "NewsReader" */;
			compatibilityVersion = "Xcode 3.2";
			developmentRegion = English;
			hasScannedForEncodings = 0;
			knownRegions = (
				en,
				Base,
			);
			mainGroup = 6A61B6952195554F00A94556;
			productRefGroup = 6A61B69F2195554F00A94556 /* Products */;
			projectDirPath = "";
			projectRoot = "";
			targets = (
				6A61B69D2195554F00A94556 /* NewsReader */,
			);
		};
/* End PBXProject section */

/* Begin PBXResourcesBuildPhase section */
		6A61B69C2195554F00A94556 /* Resources */ = {
			isa = PBXResourcesBuildPhase;
			buildActionMask = 2147483647;
			files = (
				6A61B6AC2195555000A94556 /* LaunchScreen.storyboard in Resources */,
				6A61B6A92195555000A94556 /* Assets.xcassets in Resources */,
				6A61B6A72195555000A94556 /* Main.storyboard in Resources */,
			);
			runOnlyForDeploymentPostprocessing = 0;
		};
/* End PBXResourcesBuildPhase section */

/* Begin PBXSourcesBuildPhase section */
		6A61B69A2195554F00A94556 /* Sources */ = {
			isa = PBXSourcesBuildPhase;
			buildActionMask = 2147483647;
			files = (
				6A61B6B4219555E600A94556 /* ListViewController.swift in Sources */,
				6A61B6B621956B0700A94556 /* Item.swift in Sources */,
				6A61B6A22195554F00A94556 /* AppDelegate.swift in Sources */,
				6A61B6B8219572A600A94556 /* DetailViewController.swift in Sources */,
			);
			runOnlyForDeploymentPostprocessing = 0;
		};
/* End PBXSourcesBuildPhase section */

/* Begin PBXVariantGroup section */
		6A61B6A52195555000A94556 /* Main.storyboard */ = {
			isa = PBXVariantGroup;
			children = (
				6A61B6A62195555000A94556 /* Base */,
			);
			name = Main.storyboard;
			sourceTree = "<group>";
		};
		6A61B6AA2195555000A94556 /* LaunchScreen.storyboard */ = {
			isa = PBXVariantGroup;
			children = (
				6A61B6AB2195555000A94556 /* Base */,
			);
			name = LaunchScreen.storyboard;
			sourceTree = "<group>";
		};
/* End PBXVariantGroup section */

/* Begin XCBuildConfiguration section */
		6A61B6AE2195555000A94556 /* Debug */ = {
			isa = XCBuildConfiguration;
			buildSettings = {
				ALWAYS_SEARCH_USER_PATHS = NO;
				CLANG_ANALYZER_NONNULL = YES;
				CLANG_CXX_LANGUAGE_STANDARD = "gnu++0x";
				CLANG_CXX_LIBRARY = "libc++";
				CLANG_ENABLE_MODULES = YES;
				CLANG_ENABLE_OBJC_ARC = YES;
				CLANG_WARN_BOOL_CONVERSION = YES;
				CLANG_WARN_CONSTANT_CONVERSION = YES;
				CLANG_WARN_DIRECT_OBJC_ISA_USAGE = YES_ERROR;
				CLANG_WARN_DOCUMENTATION_COMMENTS = YES;
				CLANG_WARN_EMPTY_BODY = YES;
				CLANG_WARN_ENUM_CONVERSION = YES;
				CLANG_WARN_INFINITE_RECURSION = YES;
				CLANG_WARN_INT_CONVERSION = YES;
				CLANG_WARN_OBJC_ROOT_CLASS = YES_ERROR;
				CLANG_WARN_SUSPICIOUS_MOVE = YES;
				CLANG_WARN_UNREACHABLE_CODE = YES;
				CLANG_WARN__DUPLICATE_METHOD_MATCH = YES;
				"CODE_SIGN_IDENTITY[sdk=iphoneos*]" = "iPhone Developer";
				COPY_PHASE_STRIP = NO;
				DEBUG_INFORMATION_FORMAT = dwarf;
				ENABLE_STRICT_OBJC_MSGSEND = YES;
				ENABLE_TESTABILITY = YES;
				GCC_C_LANGUAGE_STANDARD = gnu99;
				GCC_DYNAMIC_NO_PIC = NO;
				GCC_NO_COMMON_BLOCKS = YES;
				GCC_OPTIMIZATION_LEVEL = 0;
				GCC_PREPROCESSOR_DEFINITIONS = (
					"DEBUG=1",
					"$(inherited)",
				);
				GCC_WARN_64_TO_32_BIT_CONVERSION = YES;
				GCC_WARN_ABOUT_RETURN_TYPE = YES_ERROR;
				GCC_WARN_UNDECLARED_SELECTOR = YES;
				GCC_WARN_UNINITIALIZED_AUTOS = YES_AGGRESSIVE;
				GCC_WARN_UNUSED_FUNCTION = YES;
				GCC_WARN_UNUSED_VARIABLE = YES;
				IPHONEOS_DEPLOYMENT_TARGET = 10.2;
				MTL_ENABLE_DEBUG_INFO = YES;
				ONLY_ACTIVE_ARCH = YES;
				SDKROOT = iphoneos;
				SWIFT_ACTIVE_COMPILATION_CONDITIONS = DEBUG;
				SWIFT_OPTIMIZATION_LEVEL = "-Onone";
			};
			name = Debug;
		};
		6A61B6AF2195555000A94556 /* Release */ = {
			isa = XCBuildConfiguration;
			buildSettings = {
				ALWAYS_SEARCH_USER_PATHS = NO;
				CLANG_ANALYZER_NONNULL = YES;
				CLANG_CXX_LANGUAGE_STANDARD = "gnu++0x";
				CLANG_CXX_LIBRARY = "libc++";
				CLANG_ENABLE_MODULES = YES;
				CLANG_ENABLE_OBJC_ARC = YES;
				CLANG_WARN_BOOL_CONVERSION = YES;
				CLANG_WARN_CONSTANT_CONVERSION = YES;
				CLANG_WARN_DIRECT_OBJC_ISA_USAGE = YES_ERROR;
				CLANG_WARN_DOCUMENTATION_COMMENTS = YES;
				CLANG_WARN_EMPTY_BODY = YES;
				CLANG_WARN_ENUM_CONVERSION = YES;
				CLANG_WARN_INFINITE_RECURSION = YES;
				CLANG_WARN_INT_CONVERSION = YES;
				CLANG_WARN_OBJC_ROOT_CLASS = YES_ERROR;
				CLANG_WARN_SUSPICIOUS_MOVE = YES;
				CLANG_WARN_UNREACHABLE_CODE = YES;
				CLANG_WARN__DUPLICATE_METHOD_MATCH = YES;
				"CODE_SIGN_IDENTITY[sdk=iphoneos*]" = "iPhone Developer";
				COPY_PHASE_STRIP = NO;
				DEBUG_INFORMATION_FORMAT = "dwarf-with-dsym";
				ENABLE_NS_ASSERTIONS = NO;
				ENABLE_STRICT_OBJC_MSGSEND = YES;
				GCC_C_LANGUAGE_STANDARD = gnu99;
				GCC_NO_COMMON_BLOCKS = YES;
				GCC_WARN_64_TO_32_BIT_CONVERSION = YES;
				GCC_WARN_ABOUT_RETURN_TYPE = YES_ERROR;
				GCC_WARN_UNDECLARED_SELECTOR = YES;
				GCC_WARN_UNINITIALIZED_AUTOS = YES_AGGRESSIVE;
				GCC_WARN_UNUSED_FUNCTION = YES;
				GCC_WARN_UNUSED_VARIABLE = YES;
				IPHONEOS_DEPLOYMENT_TARGET = 10.2;
				MTL_ENABLE_DEBUG_INFO = NO;
				SDKROOT = iphoneos;
				SWIFT_OPTIMIZATION_LEVEL = "-Owholemodule";
				VALIDATE_PRODUCT = YES;
			};
			name = Release;
		};
		6A61B6B12195555000A94556 /* Debug */ = {
			isa = XCBuildConfiguration;
			buildSettings = {
				ASSETCATALOG_COMPILER_APPICON_NAME = AppIcon;
				DEVELOPMENT_TEAM = 39G96FFRB5;
				INFOPLIST_FILE = NewsReader/Info.plist;
				LD_RUNPATH_SEARCH_PATHS = "$(inherited) @executable_path/Frameworks";
				PRODUCT_BUNDLE_IDENTIFIER = "jp.softbank.i.yi-ichi311.NewsReader";
				PRODUCT_NAME = "$(TARGET_NAME)";
				SWIFT_VERSION = 3.0;
			};
			name = Debug;
		};
		6A61B6B22195555000A94556 /* Release */ = {
			isa = XCBuildConfiguration;
			buildSettings = {
				ASSETCATALOG_COMPILER_APPICON_NAME = AppIcon;
				DEVELOPMENT_TEAM = 39G96FFRB5;
				INFOPLIST_FILE = NewsReader/Info.plist;
				LD_RUNPATH_SEARCH_PATHS = "$(inherited) @executable_path/Frameworks";
				PRODUCT_BUNDLE_IDENTIFIER = "jp.softbank.i.yi-ichi311.NewsReader";
				PRODUCT_NAME = "$(TARGET_NAME)";
				SWIFT_VERSION = 3.0;
			};
			name = Release;
		};
/* End XCBuildConfiguration section */

/* Begin XCConfigurationList section */
		6A61B6992195554F00A94556 /* Build configuration list for PBXProject "NewsReader" */ = {
			isa = XCConfigurationList;
			buildConfigurations = (
				6A61B6AE2195555000A94556 /* Debug */,
				6A61B6AF2195555000A94556 /* Release */,
			);
			defaultConfigurationIsVisible = 0;
			defaultConfigurationName = Release;
		};
		6A61B6B02195555000A94556 /* Build configuration list for PBXNativeTarget "NewsReader" */ = {
			isa = XCConfigurationList;
			buildConfigurations = (
				6A61B6B12195555000A94556 /* Debug */,
				6A61B6B22195555000A94556 /* Release */,
			);
			defaultConfigurationIsVisible = 0;
		};
/* End XCConfigurationList section */
	};
	rootObject = 6A61B6962195554F00A94556 /* Project object */;
}
